
Microsoft Visual Studio Solution File, Format Version 12.00
# Visual Studio Version 17
VisualStudioVersion = 17.10.35122.118
MinimumVisualStudioVersion = 10.0.40219.1
Project("{9A19103F-16F7-4668-BE54-9A1E7A4F7556}") = "KampIntro", "KampIntro\KampIntro.csproj", "{0E872C96-6410-4162-B144-298AEF31B7F2}"
EndProject
Project("{9A19103F-16F7-4668-BE54-9A1E7A4F7556}") = "Donguler", "Donguler\Donguler.csproj", "{07AA3638-03CB-4ECD-B3FF-0372C1597B08}"
EndProject
Project("{9A19103F-16F7-4668-BE54-9A1E7A4F7556}") = "Metotlar", "Metotlar\Metotlar.csproj", "{D2CF78BC-D729-4A2F-AEA7-070DCF9277C3}"
EndProject
Project("{9A19103F-16F7-4668-BE54-9A1E7A4F7556}") = "Matematik", "Matematik\Matematik.csproj", "{E2BE796F-E0C5-404B-BA62-95112494D7D7}"
EndProject
Project("{9A19103F-16F7-4668-BE54-9A1E7A4F7556}") = "DegerVeReferansTipler", "DegerVeReferansTipler\DegerVeReferansTipler.csproj", "{67B47C37-4E43-43C4-A594-EA676A9711D1}"
EndProject
Project("{9A19103F-16F7-4668-BE54-9A1E7A4F7556}") = "OOP1", "OOP1\OOP1.csproj", "{D692DD9A-9880-4064-86C8-6DF3AE9929C1}"
EndProject
Project("{9A19103F-16F7-4668-BE54-9A1E7A4F7556}") = "Koleksiyonlar", "Koleksiyonlar\Koleksiyonlar.csproj", "{999F54A1-3F37-420E-8DB5-72DE6738775C}"
EndProject
Project("{9A19103F-16F7-4668-BE54-9A1E7A4F7556}") = "GenericsIntro", "GenericsIntro\GenericsIntro.csproj", "{E5B4DD50-2C2D-4381-A2E9-3A6EDFEEEC14}"
EndProject
Project("{9A19103F-16F7-4668-BE54-9A1E7A4F7556}") = "Oop2", "Oop2\Oop2.csproj", "{FA2FE83D-AEE9-4928-A6EB-D279096B5C0B}"
EndProject
Project("{9A19103F-16F7-4668-BE54-9A1E7A4F7556}") = "OOP3", "OOP3\OOP3.csproj", "{2382A22A-537A-440D-ACF8-7BA6928122F3}"
EndProject
Global
	GlobalSection(SolutionConfigurationPlatforms) = preSolution
		Debug|Any CPU = Debug|Any CPU
		Release|Any CPU = Release|Any CPU
	EndGlobalSection
	GlobalSection(ProjectConfigurationPlatforms) = postSolution
		{0E872C96-6410-4162-B144-298AEF31B7F2}.Debug|Any CPU.ActiveCfg = Debug|Any CPU
		{0E872C96-6410-4162-B144-298AEF31B7F2}.Debug|Any CPU.Build.0 = Debug|Any CPU
		{0E872C96-6410-4162-B144-298AEF31B7F2}.Release|Any CPU.ActiveCfg = Release|Any CPU
		{0E872C96-6410-4162-B144-298AEF31B7F2}.Release|Any CPU.Build.0 = Release|Any CPU
		{07AA3638-03CB-4ECD-B3FF-0372C1597B08}.Debug|Any CPU.ActiveCfg = Debug|Any CPU
		{07AA3638-03CB-4ECD-B3FF-0372C1597B08}.Debug|Any CPU.Build.0 = Debug|Any CPU
		{07AA3638-03CB-4ECD-B3FF-0372C1597B08}.Release|Any CPU.ActiveCfg = Release|Any CPU
		{07AA3638-03CB-4ECD-B3FF-0372C1597B08}.Release|Any CPU.Build.0 = Release|Any CPU
		{D2CF78BC-D729-4A2F-AEA7-070DCF9277C3}.Debug|Any CPU.ActiveCfg = Debug|Any CPU
		{D2CF78BC-D729-4A2F-AEA7-070DCF9277C3}.Debug|Any CPU.Build.0 = Debug|Any CPU
		{D2CF78BC-D729-4A2F-AEA7-070DCF9277C3}.Release|Any CPU.ActiveCfg = Release|Any CPU
		{D2CF78BC-D729-4A2F-AEA7-070DCF9277C3}.Release|Any CPU.Build.0 = Release|Any CPU
		{E2BE796F-E0C5-404B-BA62-95112494D7D7}.Debug|Any CPU.ActiveCfg = Debug|Any CPU
		{E2BE796F-E0C5-404B-BA62-95112494D7D7}.Debug|Any CPU.Build.0 = Debug|Any CPU
		{E2BE796F-E0C5-404B-BA62-95112494D7D7}.Release|Any CPU.ActiveCfg = Release|Any CPU
		{E2BE796F-E0C5-404B-BA62-95112494D7D7}.Release|Any CPU.Build.0 = Release|Any CPU
		{67B47C37-4E43-43C4-A594-EA676A9711D1}.Debug|Any CPU.ActiveCfg = Debug|Any CPU
		{67B47C37-4E43-43C4-A594-EA676A9711D1}.Debug|Any CPU.Build.0 = Debug|Any CPU
		{67B47C37-4E43-43C4-A594-EA676A9711D1}.Release|Any CPU.ActiveCfg = Release|Any CPU
		{67B47C37-4E43-43C4-A594-EA676A9711D1}.Release|Any CPU.Build.0 = Release|Any CPU
		{D692DD9A-9880-4064-86C8-6DF3AE9929C1}.Debug|Any CPU.ActiveCfg = Debug|Any CPU
		{D692DD9A-9880-4064-86C8-6DF3AE9929C1}.Debug|Any CPU.Build.0 = Debug|Any CPU
		{D692DD9A-9880-4064-86C8-6DF3AE9929C1}.Release|Any CPU.ActiveCfg = Release|Any CPU
		{D692DD9A-9880-4064-86C8-6DF3AE9929C1}.Release|Any CPU.Build.0 = Release|Any CPU
		{999F54A1-3F37-420E-8DB5-72DE6738775C}.Debug|Any CPU.ActiveCfg = Debug|Any CPU
		{999F54A1-3F37-420E-8DB5-72DE6738775C}.Debug|Any CPU.Build.0 = Debug|Any CPU
		{999F54A1-3F37-420E-8DB5-72DE6738775C}.Release|Any CPU.ActiveCfg = Release|Any CPU
		{999F54A1-3F37-420E-8DB5-72DE6738775C}.Release|Any CPU.Build.0 = Release|Any CPU
		{E5B4DD50-2C2D-4381-A2E9-3A6EDFEEEC14}.Debug|Any CPU.ActiveCfg = Debug|Any CPU
		{E5B4DD50-2C2D-4381-A2E9-3A6EDFEEEC14}.Debug|Any CPU.Build.0 = Debug|Any CPU
		{E5B4DD50-2C2D-4381-A2E9-3A6EDFEEEC14}.Release|Any CPU.ActiveCfg = Release|Any CPU
		{E5B4DD50-2C2D-4381-A2E9-3A6EDFEEEC14}.Release|Any CPU.Build.0 = Release|Any CPU
		{FA2FE83D-AEE9-4928-A6EB-D279096B5C0B}.Debug|Any CPU.ActiveCfg = Debug|Any CPU
		{FA2FE83D-AEE9-4928-A6EB-D279096B5C0B}.Debug|Any CPU.Build.0 = Debug|Any CPU
		{FA2FE83D-AEE9-4928-A6EB-D279096B5C0B}.Release|Any CPU.ActiveCfg = Release|Any CPU
		{FA2FE83D-AEE9-4928-A6EB-D279096B5C0B}.Release|Any CPU.Build.0 = Release|Any CPU
		{2382A22A-537A-440D-ACF8-7BA6928122F3}.Debug|Any CPU.ActiveCfg = Debug|Any CPU
		{2382A22A-537A-440D-ACF8-7BA6928122F3}.Debug|Any CPU.Build.0 = Debug|Any CPU
		{2382A22A-537A-440D-ACF8-7BA6928122F3}.Release|Any CPU.ActiveCfg = Release|Any CPU
		{2382A22A-537A-440D-ACF8-7BA6928122F3}.Release|Any CPU.Build.0 = Release|Any CPU
	EndGlobalSection
	GlobalSection(SolutionProperties) = preSolution
		HideSolutionNode = FALSE
	EndGlobalSection
	GlobalSection(ExtensibilityGlobals) = postSolution
		SolutionGuid = {BB8172FB-9DCD-43C2-BA7A-89BEF4555D72}
	EndGlobalSection
EndGlobal
